PODS:
  - AKSideMenu (1.4.1)
  - Alamofire (4.5.1)
  - Charts (3.1.1):
    - Charts/Core (= 3.1.1)
  - Charts/Core (3.1.1)
  - Crashlytics (3.10.5):
    - Fabric (~> 1.7.9)
  - DropDown (2.3.2)
  - Fabric (1.7.9)
  - FileBrowser (1.0.0)
  - Firebase/Core (5.1.0):
    - Firebase/CoreOnly
    - FirebaseAnalytics (= 5.0.1)
  - Firebase/CoreOnly (5.1.0):
    - FirebaseCore (= 5.0.2)
  - FirebaseAnalytics (5.0.1):
    - FirebaseCore (~> 5.0)
    - FirebaseInstanceID (~> 3.0)
    - GoogleToolboxForMac/NSData+zlib (~> 2.1)
    - nanopb (~> 0.3)
  - FirebaseCore (5.0.2):
    - GoogleToolboxForMac/NSData+zlib (~> 2.1)
  - FirebaseInstanceID (3.0.0):
    - FirebaseCore (~> 5.0)
  - Floaty (4.0.1)
  - GoogleToolboxForMac/Defines (2.1.4)
  - GoogleToolboxForMac/NSData+zlib (2.1.4):
    - GoogleToolboxForMac/Defines (= 2.1.4)
  - Kingfisher (4.8.0)
  - lottie-ios (2.5.0)
  - MarqueeLabel/Swift (3.1.4)
  - MaterialShowcase (0.6.0)
  - nanopb (0.3.8):
    - nanopb/decode (= 0.3.8)
    - nanopb/encode (= 0.3.8)
  - nanopb/decode (0.3.8)
  - nanopb/encode (0.3.8)
  - NotificationBannerSwift (1.6.3):
    - MarqueeLabel/Swift
    - SnapKit (~> 4.0)
  - RATreeView (2.1.2)
  - SearchTextField (1.2.1)
  - Siren (3.4.0)
  - SnapKit (4.0.0)
  - SQLite.swift (0.11.5):
    - SQLite.swift/standard (= 0.11.5)
  - SQLite.swift/standard (0.11.5)
  - SwiftyDropbox (4.6.0):
    - Alamofire (~> 4.5.0)
  - SwiftyJSON (4.1.0)
  - ThreeLevelAccordian (0.3.0)
  - Toast-Swift (3.0.1)
  - UIEmptyState (3.1.1)
  - XLPagerTabStrip (8.0.1)

DEPENDENCIES:
  - AKSideMenu
  - Alamofire (~> 4.0)
  - Charts
  - Crashlytics (~> 3.10.5)
  - DropDown
  - Fabric (~> 1.7.9)
  - FileBrowser
  - Firebase/Core
  - Floaty (~> 4.0.0)
  - Kingfisher (~> 4.6)
  - lottie-ios
  - MaterialShowcase
  - NotificationBannerSwift
  - RATreeView (~> 2.1.2)
  - SearchTextField
  - Siren
  - SQLite.swift (~> 0.11.5)
  - SwiftyDropbox
  - SwiftyJSON
  - ThreeLevelAccordian
  - Toast-Swift (~> 3.0.1)
  - UIEmptyState
  - XLPagerTabStrip (~> 8.0)

SPEC CHECKSUMS:
  AKSideMenu: 5f253516c339960e474f81c3da53540368520be5
  Alamofire: 2d95912bf4c34f164fdfc335872e8c312acaea4a
  Charts: 90a4d61da0f6e06684c591e3bcab11940fe61736
  Crashlytics: 7f2e38d302d9da96475b3d64d86fb29e31a542b7
  DropDown: 7f87abecc28f9b4edad810fe1211c5c018c257e5
  Fabric: a2917d3895e4c1569b9c3170de7320ea1b1e6661
  FileBrowser: 2ca91ff61c9ea09665eb3b8f9e64a7a77e66a0bf
  Firebase: e08fb0795f35707aeb1d8a715c731c45bdf6fd56
  FirebaseAnalytics: b3628aea54c50464c32c393fb2ea032566e7ecc2
  FirebaseCore: b81044df1044c0857a0737c6324678b72d4f7f00
  FirebaseInstanceID: 83e0040351565df711a5db3d8ebe5ea21aca998a
  Floaty: 82854e1a5ef4fa208281ebd4da2f3d1e51ba67a6
  GoogleToolboxForMac: 91c824d21e85b31c2aae9bb011c5027c9b4e738f
  Kingfisher: 976d828df2b24834c6a3f2fc4d82cdbd26552be1
  lottie-ios: d699fdee68d7b63e721d949388b015fef1aaa4ac
  MarqueeLabel: bf768455fe88d427f71476ebb23f9092b660f40b
  MaterialShowcase: 95f68e3a6d3d7425cd9eb6b0cf98706b7667e8d6
  nanopb: 5601e6bca2dbf1ed831b519092ec110f66982ca3
  NotificationBannerSwift: b231e4c3244848ef300e1c53ce027b9756b9b06f
  RATreeView: 380cde0090cfde21dc6ac29137f49d3b768fdd28
  SearchTextField: 261b0febd49194492f29555fff3c5c0019ca84d2
  Siren: 5b8be41b5cd05aa3528303325966e919bd53e412
  SnapKit: a42d492c16e80209130a3379f73596c3454b7694
  SQLite.swift: 6e5356850bb1791459f8c16d6ee9195b28714a2e
  SwiftyDropbox: 8af645e744de6f17b4e9fdeba21365b8dc55a542
  SwiftyJSON: c29297daf073d2aa016295d5809cdd68045c39b3
  ThreeLevelAccordian: 64a3cdb8bc8b2bef72b4f24f71ae3d8d2b9f5803
  Toast-Swift: ba0b01b095aada709d915f9beb1d38184a2721c3
  UIEmptyState: 801fb97bc13d0ec75e32ba0a111538683aea69f5
  XLPagerTabStrip: c908b17cbf42fcd2598ee1adfc49bae25444d88a

PODFILE CHECKSUM: 58f57aa34144c3931f84a35f651def364e5b9c38

COCOAPODS: 1.4.0
